
Microsoft Visual Studio Solution File, Format Version 12.00
# Visual Studio 14
VisualStudioVersion = 14.0.24720.0
MinimumVisualStudioVersion = 10.0.40219.1
Project("{FAE04EC0-301F-11D3-BF4B-00C04F79EFBC}") = "C4rm4x.WebApi.Framework", "C4rm4x.WebApi.Framework\C4rm4x.WebApi.Framework.csproj", "{CA86A5F5-7EBC-46A2-87AA-112128FD894C}"
EndProject
Project("{2150E333-8FDC-42A3-9474-1A3956D46DE8}") = "Caching", "Caching", "{661FBB8E-C84C-4B9B-BE74-3D42EF77B9B5}"
EndProject
Project("{FAE04EC0-301F-11D3-BF4B-00C04F79EFBC}") = "C4rm4x.WebApi.Cache.HttpRuntime", "C4rm4x.WebApi.Cache.HttpRuntime\C4rm4x.WebApi.Cache.HttpRuntime.csproj", "{1E04CBE9-1ACF-4B2D-B38D-3925383C4C7D}"
EndProject
Project("{FAE04EC0-301F-11D3-BF4B-00C04F79EFBC}") = "C4rm4x.WebApi.Cache.HttpRuntime.Test", "C4rm4x.WebApi.Cache.HttpRuntime.Test\C4rm4x.WebApi.Cache.HttpRuntime.Test.csproj", "{C8F51C76-9DE9-41C1-B7E8-155D96EC3FE7}"
EndProject
Project("{FAE04EC0-301F-11D3-BF4B-00C04F79EFBC}") = "C4rm4x.WebApi.Framework.Test", "C4rm4x.WebApi.Framework.Test\C4rm4x.WebApi.Framework.Test.csproj", "{D02C0A2C-BFC6-49B8-9E95-7A793E2520D6}"
EndProject
Project("{2150E333-8FDC-42A3-9474-1A3956D46DE8}") = "Framework", "Framework", "{C94F7C55-8121-46CF-AA4C-591CD3FC38BB}"
EndProject
Project("{2150E333-8FDC-42A3-9474-1A3956D46DE8}") = "Logging", "Logging", "{6C2C3F88-D5E5-4CED-BFB4-8C4D4A45F5C8}"
EndProject
Project("{FAE04EC0-301F-11D3-BF4B-00C04F79EFBC}") = "C4rm4x.WebApi.Log.NLog", "C4rm4x.WebApi.Log.NLog\C4rm4x.WebApi.Log.NLog.csproj", "{DB98D327-4FDE-4B18-B288-CDD05BD30687}"
EndProject
Project("{2150E333-8FDC-42A3-9474-1A3956D46DE8}") = "Messaging", "Messaging", "{EC1479EC-6A9E-4472-93B3-3692373EE33E}"
EndProject
Project("{FAE04EC0-301F-11D3-BF4B-00C04F79EFBC}") = "C4rm4x.WebApi.Messaging.MSMQ", "C4rm4x.WebApi.Messaging.MSMQ\C4rm4x.WebApi.Messaging.MSMQ.csproj", "{9502B676-34A2-4FBD-84A6-3BF97D03ACD7}"
EndProject
Project("{FAE04EC0-301F-11D3-BF4B-00C04F79EFBC}") = "C4rm4x.WebApi.Messaging.MSMQ.Test", "C4rm4x.WebApi.Messaging.MSMQ.Test\C4rm4x.WebApi.Messaging.MSMQ.Test.csproj", "{8891476E-2225-4510-B198-F5373FB9B9BA}"
EndProject
Project("{2150E333-8FDC-42A3-9474-1A3956D46DE8}") = "Settings", "Settings", "{AC0450AB-8D00-4017-B12D-CF1AAD3AEA98}"
EndProject
Project("{FAE04EC0-301F-11D3-BF4B-00C04F79EFBC}") = "C4rm4x.WebApi.Settings.AppSettings", "C4rm4x.WebApi.Settings.AppSettings\C4rm4x.WebApi.Settings.AppSettings.csproj", "{749F9FCB-7537-4248-B805-4FFC4D8E267C}"
EndProject
Project("{FAE04EC0-301F-11D3-BF4B-00C04F79EFBC}") = "C4rm4x.WebApi.Settings.AppSettings.Test", "C4rm4x.WebApi.Settings.AppSettings.Test\C4rm4x.WebApi.Settings.AppSettings.Test.csproj", "{FB6C317C-1F8F-418A-998A-BB38BF646F26}"
EndProject
Project("{2150E333-8FDC-42A3-9474-1A3956D46DE8}") = "Persistance", "Persistance", "{5569BC95-FC39-452F-BE34-5AB0EB2C7A86}"
EndProject
Project("{FAE04EC0-301F-11D3-BF4B-00C04F79EFBC}") = "C4rm4x.WebApi.Persistance.EF", "C4rm4x.WebApi.Persistance.EF\C4rm4x.WebApi.Persistance.EF.csproj", "{66D93E94-D7C4-49A0-B3D4-0F70CF9FD998}"
EndProject
Project("{FAE04EC0-301F-11D3-BF4B-00C04F79EFBC}") = "C4rm4x.WebApi.Persistance.EF.Test", "C4rm4x.WebApi.Persistance.EF.Test\C4rm4x.WebApi.Persistance.EF.Test.csproj", "{664FBDEA-3642-4D74-84BA-B3F392B67047}"
EndProject
Project("{2150E333-8FDC-42A3-9474-1A3956D46DE8}") = "Security", "Security", "{27D66FA5-7564-41D5-95C1-92DE510BB7FD}"
EndProject
Project("{FAE04EC0-301F-11D3-BF4B-00C04F79EFBC}") = "C4rm4x.WebApi.Security", "C4rm4x.WebApi.Security\C4rm4x.WebApi.Security.csproj", "{12253842-BC5A-4FAC-87EE-95EE5A16845A}"
EndProject
Project("{FAE04EC0-301F-11D3-BF4B-00C04F79EFBC}") = "C4rm4x.WebApi.Security.Test", "C4rm4x.WebApi.Security.Test\C4rm4x.WebApi.Security.Test.csproj", "{21627A47-026A-49C2-A610-A157CD3C3AA3}"
EndProject
Project("{2150E333-8FDC-42A3-9474-1A3956D46DE8}") = "ExceptionShielding", "ExceptionShielding", "{290A0DF1-D06A-4C8B-8EC4-570C96ECF117}"
EndProject
Project("{FAE04EC0-301F-11D3-BF4B-00C04F79EFBC}") = "C4rm4x.WebApi.ExceptionShielding", "C4rm4x.WebApi.ExceptionShielding\C4rm4x.WebApi.ExceptionShielding.csproj", "{6815AFB1-4B2E-49A5-9033-E33BD723C49D}"
EndProject
Project("{FAE04EC0-301F-11D3-BF4B-00C04F79EFBC}") = "C4rm4x.WebApi.ExceptionShielding.Test", "C4rm4x.WebApi.ExceptionShielding.Test\C4rm4x.WebApi.ExceptionShielding.Test.csproj", "{DF57F45C-CF4C-4A21-92C9-CCDE8D8A23DD}"
EndProject
Project("{2150E333-8FDC-42A3-9474-1A3956D46DE8}") = "Validation", "Validation", "{2ACD3F9F-D879-47EE-B403-5C812ACCBCBE}"
EndProject
Project("{FAE04EC0-301F-11D3-BF4B-00C04F79EFBC}") = "C4rm4x.WebApi.Validation", "C4rm4x.WebApi.Validation\C4rm4x.WebApi.Validation.csproj", "{47B93BFE-8E50-4D6A-9011-F9136F5F40E7}"
EndProject
Project("{FAE04EC0-301F-11D3-BF4B-00C04F79EFBC}") = "C4rm4x.WebApi.Validation.Test", "C4rm4x.WebApi.Validation.Test\C4rm4x.WebApi.Validation.Test.csproj", "{F59E94D2-6345-4CA3-9A43-C0381E51CE4F}"
EndProject
Project("{FAE04EC0-301F-11D3-BF4B-00C04F79EFBC}") = "C4rm4x.WebApi.ExceptionShielding.Configuration.Extensions", "C4rm4x.WebApi.ExceptionShielding.Configuration.Extensions\C4rm4x.WebApi.ExceptionShielding.Configuration.Extensions.csproj", "{D5BC38CD-1777-4DF2-A000-CC7E0AB5246E}"
EndProject
Project("{FAE04EC0-301F-11D3-BF4B-00C04F79EFBC}") = "C4rm4x.WebApi.ExceptionShielding.Configuration.Extensions.Test", "C4rm4x.WebApi.ExceptionShielding.Configuration.Extensions.Test\C4rm4x.WebApi.ExceptionShielding.Configuration.Extensions.Test.csproj", "{4C31156C-53FF-43C1-8718-E14F9170FB4B}"
EndProject
Project("{FAE04EC0-301F-11D3-BF4B-00C04F79EFBC}") = "C4rm4x.WebApi.Validation.Autofac.Extensions", "C4rm4x.WebApi.Validation.Autofac.Extensions\C4rm4x.WebApi.Validation.Autofac.Extensions.csproj", "{5F912F2B-370C-440E-A351-448F422A9AEF}"
EndProject
Project("{FAE04EC0-301F-11D3-BF4B-00C04F79EFBC}") = "C4rm4x.WebApi.Framework.Autofac.Extensions", "C4rm4x.WebApi.Framework.Autofac.Extensions\C4rm4x.WebApi.Framework.Autofac.Extensions.csproj", "{BD925854-B0CF-483D-9B53-85AC106CB14A}"
EndProject
Project("{FAE04EC0-301F-11D3-BF4B-00C04F79EFBC}") = "C4rm4x.WebApi.Framework.Autofac.Extensions.Test", "C4rm4x.WebApi.Framework.Autofac.Extensions.Test\C4rm4x.WebApi.Framework.Autofac.Extensions.Test.csproj", "{DC9828D1-4747-41B0-B3CA-2B340C690F46}"
EndProject
Project("{FAE04EC0-301F-11D3-BF4B-00C04F79EFBC}") = "C4rm4x.WebApi.Security.Jwt", "C4rm4x.WebApi.Security.Jwt\C4rm4x.WebApi.Security.Jwt.csproj", "{25D6A058-643A-49B4-9EF1-35DC16168B5A}"
EndProject
Project("{FAE04EC0-301F-11D3-BF4B-00C04F79EFBC}") = "C4rm4x.WebApi.Security.Jwt.Test", "C4rm4x.WebApi.Security.Jwt.Test\C4rm4x.WebApi.Security.Jwt.Test.csproj", "{D2CAD34B-A6DB-4215-9AA4-A902EA0E58B1}"
EndProject
Project("{FAE04EC0-301F-11D3-BF4B-00C04F79EFBC}") = "C4rm4x.WebApi.Security.Cors", "C4rm4x.WebApi.Security.Cors\C4rm4x.WebApi.Security.Cors.csproj", "{C50F6500-A206-4A61-AD1A-7C9C8D99C548}"
EndProject
Project("{FAE04EC0-301F-11D3-BF4B-00C04F79EFBC}") = "C4rm4x.WebApi.Security.Cors.Test", "C4rm4x.WebApi.Security.Cors.Test\C4rm4x.WebApi.Security.Cors.Test.csproj", "{E97E4326-442E-48D5-973C-C8E2DFE51EB3}"
EndProject
Project("{2150E333-8FDC-42A3-9474-1A3956D46DE8}") = "Monitoring", "Monitoring", "{513E6653-F9D8-47E6-873A-05787BC49385}"
EndProject
Project("{FAE04EC0-301F-11D3-BF4B-00C04F79EFBC}") = "C4rm4x.WebApi.Monitoring.ServiceStatus", "C4rm4x.WebApi.Monitoring.ServiceStatus\C4rm4x.WebApi.Monitoring.ServiceStatus.csproj", "{5048423B-F624-4451-A32D-AF1578D3F611}"
EndProject
Project("{FAE04EC0-301F-11D3-BF4B-00C04F79EFBC}") = "C4rm4x.WebApi.Monitoring.ServiceStatus.Test", "C4rm4x.WebApi.Monitoring.ServiceStatus.Test\C4rm4x.WebApi.Monitoring.ServiceStatus.Test.csproj", "{357E39C9-05AC-4236-BB93-C01BE1FA540E}"
EndProject
Project("{FAE04EC0-301F-11D3-BF4B-00C04F79EFBC}") = "C4rm4x.WebApi.Cache.Redis", "C4rm4x.WebApi.Cache.Redis\C4rm4x.WebApi.Cache.Redis.csproj", "{C087D220-FE54-44B1-B97F-2ACD97B3B782}"
EndProject
Project("{FAE04EC0-301F-11D3-BF4B-00C04F79EFBC}") = "C4rm4x.WebApi.Cache.Redis.Test", "C4rm4x.WebApi.Cache.Redis.Test\C4rm4x.WebApi.Cache.Redis.Test.csproj", "{CED0535A-1D11-47B9-AD17-B5ADCEBF2AE8}"
EndProject
Project("{FAE04EC0-301F-11D3-BF4B-00C04F79EFBC}") = "C4rm4x.WebApi.Persistance.Mongo", "C4rm4x.WebApi.Persistance.Mongo\C4rm4x.WebApi.Persistance.Mongo.csproj", "{416930EF-1BF2-454D-AFD1-8F002058A6C9}"
EndProject
Project("{FAE04EC0-301F-11D3-BF4B-00C04F79EFBC}") = "C4rm4x.WebApi.Persistance.Mongo.Test", "C4rm4x.WebApi.Persistance.Mongo.Test\C4rm4x.WebApi.Persistance.Mongo.Test.csproj", "{46524F1B-4D7D-464D-A9A6-7677A921296F}"
EndProject
Project("{FAE04EC0-301F-11D3-BF4B-00C04F79EFBC}") = "C4rm4x.WebApi.Monitoring.Counter", "C4rm4x.WebApi.Monitoring.Counter\C4rm4x.WebApi.Monitoring.Counter.csproj", "{9A5E2FD1-FB7F-4474-B26B-66EBF914224F}"
EndProject
Project("{FAE04EC0-301F-11D3-BF4B-00C04F79EFBC}") = "C4rm4x.WebApi.Monitoring.Core", "C4rm4x.WebApi.Monitoring.Core\C4rm4x.WebApi.Monitoring.Core.csproj", "{D7CB1D8E-A405-4BD7-9D62-27A3428DD522}"
EndProject
Project("{FAE04EC0-301F-11D3-BF4B-00C04F79EFBC}") = "C4rm4x.WebApi.Monitoring.Core.Test", "C4rm4x.WebApi.Monitoring.Core.Test\C4rm4x.WebApi.Monitoring.Core.Test.csproj", "{E0792EA0-CFEA-46C6-8148-30484BDDD18E}"
EndProject
Project("{FAE04EC0-301F-11D3-BF4B-00C04F79EFBC}") = "C4rm4x.WebApi.Monitoring.Counter.Test", "C4rm4x.WebApi.Monitoring.Counter.Test\C4rm4x.WebApi.Monitoring.Counter.Test.csproj", "{A2AA9264-268A-4E04-83F7-9F7857EBC924}"
EndProject
Project("{FAE04EC0-301F-11D3-BF4B-00C04F79EFBC}") = "C4rm4x.WebApi.Monitoring.EF.Extensions", "C4rm4x.WebApi.Monitoring.EF.Extensions\C4rm4x.WebApi.Monitoring.EF.Extensions.csproj", "{A3CBE644-73B5-4E14-A3D5-CB4E5176031D}"
EndProject
Project("{FAE04EC0-301F-11D3-BF4B-00C04F79EFBC}") = "C4rm4x.WebApi.Monitoring.Mongo.Extensions", "C4rm4x.WebApi.Monitoring.Mongo.Extensions\C4rm4x.WebApi.Monitoring.Mongo.Extensions.csproj", "{098AFDEF-5E7C-42F1-A57D-13AF23CF94B8}"
EndProject
Project("{FAE04EC0-301F-11D3-BF4B-00C04F79EFBC}") = "C4rm4x.WebApi.Monitoring.Redis.Extensions", "C4rm4x.WebApi.Monitoring.Redis.Extensions\C4rm4x.WebApi.Monitoring.Redis.Extensions.csproj", "{8998E5A2-6E31-4B72-9FF6-26286DF97E3E}"
EndProject
Project("{FAE04EC0-301F-11D3-BF4B-00C04F79EFBC}") = "C4rm4x.WebApi.Monitoring.Mongo.Extensions.Test", "C4rm4x.WebApi.Monitoring.Mongo.Extensions.Test\C4rm4x.WebApi.Monitoring.Mongo.Extensions.Test.csproj", "{6E59831D-A2C3-405A-B755-70159315A72B}"
EndProject
Project("{FAE04EC0-301F-11D3-BF4B-00C04F79EFBC}") = "C4rm4x.WebApi.Monitoring.Redis.Extensions.Test", "C4rm4x.WebApi.Monitoring.Redis.Extensions.Test\C4rm4x.WebApi.Monitoring.Redis.Extensions.Test.csproj", "{93AA18BF-3082-4D2B-B706-7590199BAB0C}"
EndProject
Project("{FAE04EC0-301F-11D3-BF4B-00C04F79EFBC}") = "C4rm4x.WebApi.Monitoring.EF.Extensions.Test", "C4rm4x.WebApi.Monitoring.EF.Extensions.Test\C4rm4x.WebApi.Monitoring.EF.Extensions.Test.csproj", "{F590665E-CC1D-4ABD-8CDF-51CFDF656A81}"
EndProject
Project("{FAE04EC0-301F-11D3-BF4B-00C04F79EFBC}") = "C4rm4x.WebApi.Cache.OutputCache", "C4rm4x.WebApi.Cache.OutputCache\C4rm4x.WebApi.Cache.OutputCache.csproj", "{926AC5C8-3A6E-41B0-AC25-ADC3ED2EA4A1}"
EndProject
Project("{FAE04EC0-301F-11D3-BF4B-00C04F79EFBC}") = "C4rm4x.WebApi.Cache.OutputCache.Test", "C4rm4x.WebApi.Cache.OutputCache.Test\C4rm4x.WebApi.Cache.OutputCache.Test.csproj", "{B377C39F-6D8E-4F53-9355-CDE924E7D297}"
EndProject
Project("{FAE04EC0-301F-11D3-BF4B-00C04F79EFBC}") = "C4rm4x.WebApi.Security.WhiteList", "C4rm4x.WebApi.Security.WhiteList\C4rm4x.WebApi.Security.WhiteList.csproj", "{BE5FCC8F-6E8E-414F-941A-FD043A9A9421}"
EndProject
Global
	GlobalSection(SolutionConfigurationPlatforms) = preSolution
		Debug|Any CPU = Debug|Any CPU
		Release|Any CPU = Release|Any CPU
	EndGlobalSection
	GlobalSection(ProjectConfigurationPlatforms) = postSolution
		{CA86A5F5-7EBC-46A2-87AA-112128FD894C}.Debug|Any CPU.ActiveCfg = Debug|Any CPU
		{CA86A5F5-7EBC-46A2-87AA-112128FD894C}.Debug|Any CPU.Build.0 = Debug|Any CPU
		{CA86A5F5-7EBC-46A2-87AA-112128FD894C}.Release|Any CPU.ActiveCfg = Release|Any CPU
		{CA86A5F5-7EBC-46A2-87AA-112128FD894C}.Release|Any CPU.Build.0 = Release|Any CPU
		{1E04CBE9-1ACF-4B2D-B38D-3925383C4C7D}.Debug|Any CPU.ActiveCfg = Debug|Any CPU
		{1E04CBE9-1ACF-4B2D-B38D-3925383C4C7D}.Debug|Any CPU.Build.0 = Debug|Any CPU
		{1E04CBE9-1ACF-4B2D-B38D-3925383C4C7D}.Release|Any CPU.ActiveCfg = Release|Any CPU
		{1E04CBE9-1ACF-4B2D-B38D-3925383C4C7D}.Release|Any CPU.Build.0 = Release|Any CPU
		{C8F51C76-9DE9-41C1-B7E8-155D96EC3FE7}.Debug|Any CPU.ActiveCfg = Debug|Any CPU
		{C8F51C76-9DE9-41C1-B7E8-155D96EC3FE7}.Debug|Any CPU.Build.0 = Debug|Any CPU
		{C8F51C76-9DE9-41C1-B7E8-155D96EC3FE7}.Release|Any CPU.ActiveCfg = Release|Any CPU
		{C8F51C76-9DE9-41C1-B7E8-155D96EC3FE7}.Release|Any CPU.Build.0 = Release|Any CPU
		{D02C0A2C-BFC6-49B8-9E95-7A793E2520D6}.Debug|Any CPU.ActiveCfg = Debug|Any CPU
		{D02C0A2C-BFC6-49B8-9E95-7A793E2520D6}.Debug|Any CPU.Build.0 = Debug|Any CPU
		{D02C0A2C-BFC6-49B8-9E95-7A793E2520D6}.Release|Any CPU.ActiveCfg = Release|Any CPU
		{D02C0A2C-BFC6-49B8-9E95-7A793E2520D6}.Release|Any CPU.Build.0 = Release|Any CPU
		{DB98D327-4FDE-4B18-B288-CDD05BD30687}.Debug|Any CPU.ActiveCfg = Debug|Any CPU
		{DB98D327-4FDE-4B18-B288-CDD05BD30687}.Debug|Any CPU.Build.0 = Debug|Any CPU
		{DB98D327-4FDE-4B18-B288-CDD05BD30687}.Release|Any CPU.ActiveCfg = Release|Any CPU
		{DB98D327-4FDE-4B18-B288-CDD05BD30687}.Release|Any CPU.Build.0 = Release|Any CPU
		{9502B676-34A2-4FBD-84A6-3BF97D03ACD7}.Debug|Any CPU.ActiveCfg = Debug|Any CPU
		{9502B676-34A2-4FBD-84A6-3BF97D03ACD7}.Debug|Any CPU.Build.0 = Debug|Any CPU
		{9502B676-34A2-4FBD-84A6-3BF97D03ACD7}.Release|Any CPU.ActiveCfg = Release|Any CPU
		{9502B676-34A2-4FBD-84A6-3BF97D03ACD7}.Release|Any CPU.Build.0 = Release|Any CPU
		{8891476E-2225-4510-B198-F5373FB9B9BA}.Debug|Any CPU.ActiveCfg = Debug|Any CPU
		{8891476E-2225-4510-B198-F5373FB9B9BA}.Debug|Any CPU.Build.0 = Debug|Any CPU
		{8891476E-2225-4510-B198-F5373FB9B9BA}.Release|Any CPU.ActiveCfg = Release|Any CPU
		{8891476E-2225-4510-B198-F5373FB9B9BA}.Release|Any CPU.Build.0 = Release|Any CPU
		{749F9FCB-7537-4248-B805-4FFC4D8E267C}.Debug|Any CPU.ActiveCfg = Debug|Any CPU
		{749F9FCB-7537-4248-B805-4FFC4D8E267C}.Debug|Any CPU.Build.0 = Debug|Any CPU
		{749F9FCB-7537-4248-B805-4FFC4D8E267C}.Release|Any CPU.ActiveCfg = Release|Any CPU
		{749F9FCB-7537-4248-B805-4FFC4D8E267C}.Release|Any CPU.Build.0 = Release|Any CPU
		{FB6C317C-1F8F-418A-998A-BB38BF646F26}.Debug|Any CPU.ActiveCfg = Debug|Any CPU
		{FB6C317C-1F8F-418A-998A-BB38BF646F26}.Debug|Any CPU.Build.0 = Debug|Any CPU
		{FB6C317C-1F8F-418A-998A-BB38BF646F26}.Release|Any CPU.ActiveCfg = Release|Any CPU
		{FB6C317C-1F8F-418A-998A-BB38BF646F26}.Release|Any CPU.Build.0 = Release|Any CPU
		{66D93E94-D7C4-49A0-B3D4-0F70CF9FD998}.Debug|Any CPU.ActiveCfg = Debug|Any CPU
		{66D93E94-D7C4-49A0-B3D4-0F70CF9FD998}.Debug|Any CPU.Build.0 = Debug|Any CPU
		{66D93E94-D7C4-49A0-B3D4-0F70CF9FD998}.Release|Any CPU.ActiveCfg = Release|Any CPU
		{66D93E94-D7C4-49A0-B3D4-0F70CF9FD998}.Release|Any CPU.Build.0 = Release|Any CPU
		{664FBDEA-3642-4D74-84BA-B3F392B67047}.Debug|Any CPU.ActiveCfg = Debug|Any CPU
		{664FBDEA-3642-4D74-84BA-B3F392B67047}.Debug|Any CPU.Build.0 = Debug|Any CPU
		{664FBDEA-3642-4D74-84BA-B3F392B67047}.Release|Any CPU.ActiveCfg = Release|Any CPU
		{664FBDEA-3642-4D74-84BA-B3F392B67047}.Release|Any CPU.Build.0 = Release|Any CPU
		{12253842-BC5A-4FAC-87EE-95EE5A16845A}.Debug|Any CPU.ActiveCfg = Debug|Any CPU
		{12253842-BC5A-4FAC-87EE-95EE5A16845A}.Debug|Any CPU.Build.0 = Debug|Any CPU
		{12253842-BC5A-4FAC-87EE-95EE5A16845A}.Release|Any CPU.ActiveCfg = Release|Any CPU
		{12253842-BC5A-4FAC-87EE-95EE5A16845A}.Release|Any CPU.Build.0 = Release|Any CPU
		{21627A47-026A-49C2-A610-A157CD3C3AA3}.Debug|Any CPU.ActiveCfg = Debug|Any CPU
		{21627A47-026A-49C2-A610-A157CD3C3AA3}.Debug|Any CPU.Build.0 = Debug|Any CPU
		{21627A47-026A-49C2-A610-A157CD3C3AA3}.Release|Any CPU.ActiveCfg = Release|Any CPU
		{21627A47-026A-49C2-A610-A157CD3C3AA3}.Release|Any CPU.Build.0 = Release|Any CPU
		{6815AFB1-4B2E-49A5-9033-E33BD723C49D}.Debug|Any CPU.ActiveCfg = Debug|Any CPU
		{6815AFB1-4B2E-49A5-9033-E33BD723C49D}.Debug|Any CPU.Build.0 = Debug|Any CPU
		{6815AFB1-4B2E-49A5-9033-E33BD723C49D}.Release|Any CPU.ActiveCfg = Release|Any CPU
		{6815AFB1-4B2E-49A5-9033-E33BD723C49D}.Release|Any CPU.Build.0 = Release|Any CPU
		{DF57F45C-CF4C-4A21-92C9-CCDE8D8A23DD}.Debug|Any CPU.ActiveCfg = Debug|Any CPU
		{DF57F45C-CF4C-4A21-92C9-CCDE8D8A23DD}.Debug|Any CPU.Build.0 = Debug|Any CPU
		{DF57F45C-CF4C-4A21-92C9-CCDE8D8A23DD}.Release|Any CPU.ActiveCfg = Release|Any CPU
		{DF57F45C-CF4C-4A21-92C9-CCDE8D8A23DD}.Release|Any CPU.Build.0 = Release|Any CPU
		{47B93BFE-8E50-4D6A-9011-F9136F5F40E7}.Debug|Any CPU.ActiveCfg = Debug|Any CPU
		{47B93BFE-8E50-4D6A-9011-F9136F5F40E7}.Debug|Any CPU.Build.0 = Debug|Any CPU
		{47B93BFE-8E50-4D6A-9011-F9136F5F40E7}.Release|Any CPU.ActiveCfg = Release|Any CPU
		{47B93BFE-8E50-4D6A-9011-F9136F5F40E7}.Release|Any CPU.Build.0 = Release|Any CPU
		{F59E94D2-6345-4CA3-9A43-C0381E51CE4F}.Debug|Any CPU.ActiveCfg = Debug|Any CPU
		{F59E94D2-6345-4CA3-9A43-C0381E51CE4F}.Debug|Any CPU.Build.0 = Debug|Any CPU
		{F59E94D2-6345-4CA3-9A43-C0381E51CE4F}.Release|Any CPU.ActiveCfg = Release|Any CPU
		{F59E94D2-6345-4CA3-9A43-C0381E51CE4F}.Release|Any CPU.Build.0 = Release|Any CPU
		{D5BC38CD-1777-4DF2-A000-CC7E0AB5246E}.Debug|Any CPU.ActiveCfg = Debug|Any CPU
		{D5BC38CD-1777-4DF2-A000-CC7E0AB5246E}.Debug|Any CPU.Build.0 = Debug|Any CPU
		{D5BC38CD-1777-4DF2-A000-CC7E0AB5246E}.Release|Any CPU.ActiveCfg = Release|Any CPU
		{D5BC38CD-1777-4DF2-A000-CC7E0AB5246E}.Release|Any CPU.Build.0 = Release|Any CPU
		{4C31156C-53FF-43C1-8718-E14F9170FB4B}.Debug|Any CPU.ActiveCfg = Debug|Any CPU
		{4C31156C-53FF-43C1-8718-E14F9170FB4B}.Debug|Any CPU.Build.0 = Debug|Any CPU
		{4C31156C-53FF-43C1-8718-E14F9170FB4B}.Release|Any CPU.ActiveCfg = Release|Any CPU
		{4C31156C-53FF-43C1-8718-E14F9170FB4B}.Release|Any CPU.Build.0 = Release|Any CPU
		{5F912F2B-370C-440E-A351-448F422A9AEF}.Debug|Any CPU.ActiveCfg = Debug|Any CPU
		{5F912F2B-370C-440E-A351-448F422A9AEF}.Debug|Any CPU.Build.0 = Debug|Any CPU
		{5F912F2B-370C-440E-A351-448F422A9AEF}.Release|Any CPU.ActiveCfg = Release|Any CPU
		{5F912F2B-370C-440E-A351-448F422A9AEF}.Release|Any CPU.Build.0 = Release|Any CPU
		{BD925854-B0CF-483D-9B53-85AC106CB14A}.Debug|Any CPU.ActiveCfg = Debug|Any CPU
		{BD925854-B0CF-483D-9B53-85AC106CB14A}.Debug|Any CPU.Build.0 = Debug|Any CPU
		{BD925854-B0CF-483D-9B53-85AC106CB14A}.Release|Any CPU.ActiveCfg = Release|Any CPU
		{BD925854-B0CF-483D-9B53-85AC106CB14A}.Release|Any CPU.Build.0 = Release|Any CPU
		{DC9828D1-4747-41B0-B3CA-2B340C690F46}.Debug|Any CPU.ActiveCfg = Debug|Any CPU
		{DC9828D1-4747-41B0-B3CA-2B340C690F46}.Debug|Any CPU.Build.0 = Debug|Any CPU
		{DC9828D1-4747-41B0-B3CA-2B340C690F46}.Release|Any CPU.ActiveCfg = Release|Any CPU
		{DC9828D1-4747-41B0-B3CA-2B340C690F46}.Release|Any CPU.Build.0 = Release|Any CPU
		{25D6A058-643A-49B4-9EF1-35DC16168B5A}.Debug|Any CPU.ActiveCfg = Debug|Any CPU
		{25D6A058-643A-49B4-9EF1-35DC16168B5A}.Debug|Any CPU.Build.0 = Debug|Any CPU
		{25D6A058-643A-49B4-9EF1-35DC16168B5A}.Release|Any CPU.ActiveCfg = Release|Any CPU
		{25D6A058-643A-49B4-9EF1-35DC16168B5A}.Release|Any CPU.Build.0 = Release|Any CPU
		{D2CAD34B-A6DB-4215-9AA4-A902EA0E58B1}.Debug|Any CPU.ActiveCfg = Debug|Any CPU
		{D2CAD34B-A6DB-4215-9AA4-A902EA0E58B1}.Debug|Any CPU.Build.0 = Debug|Any CPU
		{D2CAD34B-A6DB-4215-9AA4-A902EA0E58B1}.Release|Any CPU.ActiveCfg = Release|Any CPU
		{D2CAD34B-A6DB-4215-9AA4-A902EA0E58B1}.Release|Any CPU.Build.0 = Release|Any CPU
		{C50F6500-A206-4A61-AD1A-7C9C8D99C548}.Debug|Any CPU.ActiveCfg = Debug|Any CPU
		{C50F6500-A206-4A61-AD1A-7C9C8D99C548}.Debug|Any CPU.Build.0 = Debug|Any CPU
		{C50F6500-A206-4A61-AD1A-7C9C8D99C548}.Release|Any CPU.ActiveCfg = Release|Any CPU
		{C50F6500-A206-4A61-AD1A-7C9C8D99C548}.Release|Any CPU.Build.0 = Release|Any CPU
		{E97E4326-442E-48D5-973C-C8E2DFE51EB3}.Debug|Any CPU.ActiveCfg = Debug|Any CPU
		{E97E4326-442E-48D5-973C-C8E2DFE51EB3}.Debug|Any CPU.Build.0 = Debug|Any CPU
		{E97E4326-442E-48D5-973C-C8E2DFE51EB3}.Release|Any CPU.ActiveCfg = Release|Any CPU
		{E97E4326-442E-48D5-973C-C8E2DFE51EB3}.Release|Any CPU.Build.0 = Release|Any CPU
		{5048423B-F624-4451-A32D-AF1578D3F611}.Debug|Any CPU.ActiveCfg = Debug|Any CPU
		{5048423B-F624-4451-A32D-AF1578D3F611}.Debug|Any CPU.Build.0 = Debug|Any CPU
		{5048423B-F624-4451-A32D-AF1578D3F611}.Release|Any CPU.ActiveCfg = Release|Any CPU
		{5048423B-F624-4451-A32D-AF1578D3F611}.Release|Any CPU.Build.0 = Release|Any CPU
		{357E39C9-05AC-4236-BB93-C01BE1FA540E}.Debug|Any CPU.ActiveCfg = Debug|Any CPU
		{357E39C9-05AC-4236-BB93-C01BE1FA540E}.Debug|Any CPU.Build.0 = Debug|Any CPU
		{357E39C9-05AC-4236-BB93-C01BE1FA540E}.Release|Any CPU.ActiveCfg = Release|Any CPU
		{357E39C9-05AC-4236-BB93-C01BE1FA540E}.Release|Any CPU.Build.0 = Release|Any CPU
		{C087D220-FE54-44B1-B97F-2ACD97B3B782}.Debug|Any CPU.ActiveCfg = Debug|Any CPU
		{C087D220-FE54-44B1-B97F-2ACD97B3B782}.Debug|Any CPU.Build.0 = Debug|Any CPU
		{C087D220-FE54-44B1-B97F-2ACD97B3B782}.Release|Any CPU.ActiveCfg = Release|Any CPU
		{C087D220-FE54-44B1-B97F-2ACD97B3B782}.Release|Any CPU.Build.0 = Release|Any CPU
		{CED0535A-1D11-47B9-AD17-B5ADCEBF2AE8}.Debug|Any CPU.ActiveCfg = Debug|Any CPU
		{CED0535A-1D11-47B9-AD17-B5ADCEBF2AE8}.Debug|Any CPU.Build.0 = Debug|Any CPU
		{CED0535A-1D11-47B9-AD17-B5ADCEBF2AE8}.Release|Any CPU.ActiveCfg = Release|Any CPU
		{CED0535A-1D11-47B9-AD17-B5ADCEBF2AE8}.Release|Any CPU.Build.0 = Release|Any CPU
		{416930EF-1BF2-454D-AFD1-8F002058A6C9}.Debug|Any CPU.ActiveCfg = Debug|Any CPU
		{416930EF-1BF2-454D-AFD1-8F002058A6C9}.Debug|Any CPU.Build.0 = Debug|Any CPU
		{416930EF-1BF2-454D-AFD1-8F002058A6C9}.Release|Any CPU.ActiveCfg = Release|Any CPU
		{416930EF-1BF2-454D-AFD1-8F002058A6C9}.Release|Any CPU.Build.0 = Release|Any CPU
		{46524F1B-4D7D-464D-A9A6-7677A921296F}.Debug|Any CPU.ActiveCfg = Debug|Any CPU
		{46524F1B-4D7D-464D-A9A6-7677A921296F}.Debug|Any CPU.Build.0 = Debug|Any CPU
		{46524F1B-4D7D-464D-A9A6-7677A921296F}.Release|Any CPU.ActiveCfg = Release|Any CPU
		{46524F1B-4D7D-464D-A9A6-7677A921296F}.Release|Any CPU.Build.0 = Release|Any CPU
		{9A5E2FD1-FB7F-4474-B26B-66EBF914224F}.Debug|Any CPU.ActiveCfg = Debug|Any CPU
		{9A5E2FD1-FB7F-4474-B26B-66EBF914224F}.Debug|Any CPU.Build.0 = Debug|Any CPU
		{9A5E2FD1-FB7F-4474-B26B-66EBF914224F}.Release|Any CPU.ActiveCfg = Release|Any CPU
		{9A5E2FD1-FB7F-4474-B26B-66EBF914224F}.Release|Any CPU.Build.0 = Release|Any CPU
		{D7CB1D8E-A405-4BD7-9D62-27A3428DD522}.Debug|Any CPU.ActiveCfg = Debug|Any CPU
		{D7CB1D8E-A405-4BD7-9D62-27A3428DD522}.Debug|Any CPU.Build.0 = Debug|Any CPU
		{D7CB1D8E-A405-4BD7-9D62-27A3428DD522}.Release|Any CPU.ActiveCfg = Release|Any CPU
		{D7CB1D8E-A405-4BD7-9D62-27A3428DD522}.Release|Any CPU.Build.0 = Release|Any CPU
		{E0792EA0-CFEA-46C6-8148-30484BDDD18E}.Debug|Any CPU.ActiveCfg = Debug|Any CPU
		{E0792EA0-CFEA-46C6-8148-30484BDDD18E}.Debug|Any CPU.Build.0 = Debug|Any CPU
		{E0792EA0-CFEA-46C6-8148-30484BDDD18E}.Release|Any CPU.ActiveCfg = Release|Any CPU
		{E0792EA0-CFEA-46C6-8148-30484BDDD18E}.Release|Any CPU.Build.0 = Release|Any CPU
		{A2AA9264-268A-4E04-83F7-9F7857EBC924}.Debug|Any CPU.ActiveCfg = Debug|Any CPU
		{A2AA9264-268A-4E04-83F7-9F7857EBC924}.Debug|Any CPU.Build.0 = Debug|Any CPU
		{A2AA9264-268A-4E04-83F7-9F7857EBC924}.Release|Any CPU.ActiveCfg = Release|Any CPU
		{A2AA9264-268A-4E04-83F7-9F7857EBC924}.Release|Any CPU.Build.0 = Release|Any CPU
		{A3CBE644-73B5-4E14-A3D5-CB4E5176031D}.Debug|Any CPU.ActiveCfg = Debug|Any CPU
		{A3CBE644-73B5-4E14-A3D5-CB4E5176031D}.Debug|Any CPU.Build.0 = Debug|Any CPU
		{A3CBE644-73B5-4E14-A3D5-CB4E5176031D}.Release|Any CPU.ActiveCfg = Release|Any CPU
		{A3CBE644-73B5-4E14-A3D5-CB4E5176031D}.Release|Any CPU.Build.0 = Release|Any CPU
		{098AFDEF-5E7C-42F1-A57D-13AF23CF94B8}.Debug|Any CPU.ActiveCfg = Debug|Any CPU
		{098AFDEF-5E7C-42F1-A57D-13AF23CF94B8}.Debug|Any CPU.Build.0 = Debug|Any CPU
		{098AFDEF-5E7C-42F1-A57D-13AF23CF94B8}.Release|Any CPU.ActiveCfg = Release|Any CPU
		{098AFDEF-5E7C-42F1-A57D-13AF23CF94B8}.Release|Any CPU.Build.0 = Release|Any CPU
		{8998E5A2-6E31-4B72-9FF6-26286DF97E3E}.Debug|Any CPU.ActiveCfg = Debug|Any CPU
		{8998E5A2-6E31-4B72-9FF6-26286DF97E3E}.Debug|Any CPU.Build.0 = Debug|Any CPU
		{8998E5A2-6E31-4B72-9FF6-26286DF97E3E}.Release|Any CPU.ActiveCfg = Release|Any CPU
		{8998E5A2-6E31-4B72-9FF6-26286DF97E3E}.Release|Any CPU.Build.0 = Release|Any CPU
		{6E59831D-A2C3-405A-B755-70159315A72B}.Debug|Any CPU.ActiveCfg = Debug|Any CPU
		{6E59831D-A2C3-405A-B755-70159315A72B}.Debug|Any CPU.Build.0 = Debug|Any CPU
		{6E59831D-A2C3-405A-B755-70159315A72B}.Release|Any CPU.ActiveCfg = Release|Any CPU
		{6E59831D-A2C3-405A-B755-70159315A72B}.Release|Any CPU.Build.0 = Release|Any CPU
		{93AA18BF-3082-4D2B-B706-7590199BAB0C}.Debug|Any CPU.ActiveCfg = Debug|Any CPU
		{93AA18BF-3082-4D2B-B706-7590199BAB0C}.Debug|Any CPU.Build.0 = Debug|Any CPU
		{93AA18BF-3082-4D2B-B706-7590199BAB0C}.Release|Any CPU.ActiveCfg = Release|Any CPU
		{93AA18BF-3082-4D2B-B706-7590199BAB0C}.Release|Any CPU.Build.0 = Release|Any CPU
		{F590665E-CC1D-4ABD-8CDF-51CFDF656A81}.Debug|Any CPU.ActiveCfg = Debug|Any CPU
		{F590665E-CC1D-4ABD-8CDF-51CFDF656A81}.Debug|Any CPU.Build.0 = Debug|Any CPU
		{F590665E-CC1D-4ABD-8CDF-51CFDF656A81}.Release|Any CPU.ActiveCfg = Release|Any CPU
		{F590665E-CC1D-4ABD-8CDF-51CFDF656A81}.Release|Any CPU.Build.0 = Release|Any CPU
		{926AC5C8-3A6E-41B0-AC25-ADC3ED2EA4A1}.Debug|Any CPU.ActiveCfg = Debug|Any CPU
		{926AC5C8-3A6E-41B0-AC25-ADC3ED2EA4A1}.Debug|Any CPU.Build.0 = Debug|Any CPU
		{926AC5C8-3A6E-41B0-AC25-ADC3ED2EA4A1}.Release|Any CPU.ActiveCfg = Release|Any CPU
		{926AC5C8-3A6E-41B0-AC25-ADC3ED2EA4A1}.Release|Any CPU.Build.0 = Release|Any CPU
		{B377C39F-6D8E-4F53-9355-CDE924E7D297}.Debug|Any CPU.ActiveCfg = Debug|Any CPU
		{B377C39F-6D8E-4F53-9355-CDE924E7D297}.Debug|Any CPU.Build.0 = Debug|Any CPU
		{B377C39F-6D8E-4F53-9355-CDE924E7D297}.Release|Any CPU.ActiveCfg = Release|Any CPU
		{B377C39F-6D8E-4F53-9355-CDE924E7D297}.Release|Any CPU.Build.0 = Release|Any CPU
		{BE5FCC8F-6E8E-414F-941A-FD043A9A9421}.Debug|Any CPU.ActiveCfg = Debug|Any CPU
		{BE5FCC8F-6E8E-414F-941A-FD043A9A9421}.Debug|Any CPU.Build.0 = Debug|Any CPU
		{BE5FCC8F-6E8E-414F-941A-FD043A9A9421}.Release|Any CPU.ActiveCfg = Release|Any CPU
		{BE5FCC8F-6E8E-414F-941A-FD043A9A9421}.Release|Any CPU.Build.0 = Release|Any CPU
	EndGlobalSection
	GlobalSection(SolutionProperties) = preSolution
		HideSolutionNode = FALSE
	EndGlobalSection
	GlobalSection(NestedProjects) = preSolution
		{CA86A5F5-7EBC-46A2-87AA-112128FD894C} = {C94F7C55-8121-46CF-AA4C-591CD3FC38BB}
		{1E04CBE9-1ACF-4B2D-B38D-3925383C4C7D} = {661FBB8E-C84C-4B9B-BE74-3D42EF77B9B5}
		{C8F51C76-9DE9-41C1-B7E8-155D96EC3FE7} = {661FBB8E-C84C-4B9B-BE74-3D42EF77B9B5}
		{D02C0A2C-BFC6-49B8-9E95-7A793E2520D6} = {C94F7C55-8121-46CF-AA4C-591CD3FC38BB}
		{DB98D327-4FDE-4B18-B288-CDD05BD30687} = {6C2C3F88-D5E5-4CED-BFB4-8C4D4A45F5C8}
		{9502B676-34A2-4FBD-84A6-3BF97D03ACD7} = {EC1479EC-6A9E-4472-93B3-3692373EE33E}
		{8891476E-2225-4510-B198-F5373FB9B9BA} = {EC1479EC-6A9E-4472-93B3-3692373EE33E}
		{749F9FCB-7537-4248-B805-4FFC4D8E267C} = {AC0450AB-8D00-4017-B12D-CF1AAD3AEA98}
		{FB6C317C-1F8F-418A-998A-BB38BF646F26} = {AC0450AB-8D00-4017-B12D-CF1AAD3AEA98}
		{66D93E94-D7C4-49A0-B3D4-0F70CF9FD998} = {5569BC95-FC39-452F-BE34-5AB0EB2C7A86}
		{664FBDEA-3642-4D74-84BA-B3F392B67047} = {5569BC95-FC39-452F-BE34-5AB0EB2C7A86}
		{12253842-BC5A-4FAC-87EE-95EE5A16845A} = {27D66FA5-7564-41D5-95C1-92DE510BB7FD}
		{21627A47-026A-49C2-A610-A157CD3C3AA3} = {27D66FA5-7564-41D5-95C1-92DE510BB7FD}
		{6815AFB1-4B2E-49A5-9033-E33BD723C49D} = {290A0DF1-D06A-4C8B-8EC4-570C96ECF117}
		{DF57F45C-CF4C-4A21-92C9-CCDE8D8A23DD} = {290A0DF1-D06A-4C8B-8EC4-570C96ECF117}
		{47B93BFE-8E50-4D6A-9011-F9136F5F40E7} = {2ACD3F9F-D879-47EE-B403-5C812ACCBCBE}
		{F59E94D2-6345-4CA3-9A43-C0381E51CE4F} = {2ACD3F9F-D879-47EE-B403-5C812ACCBCBE}
		{D5BC38CD-1777-4DF2-A000-CC7E0AB5246E} = {290A0DF1-D06A-4C8B-8EC4-570C96ECF117}
		{4C31156C-53FF-43C1-8718-E14F9170FB4B} = {290A0DF1-D06A-4C8B-8EC4-570C96ECF117}
		{5F912F2B-370C-440E-A351-448F422A9AEF} = {2ACD3F9F-D879-47EE-B403-5C812ACCBCBE}
		{BD925854-B0CF-483D-9B53-85AC106CB14A} = {C94F7C55-8121-46CF-AA4C-591CD3FC38BB}
		{DC9828D1-4747-41B0-B3CA-2B340C690F46} = {C94F7C55-8121-46CF-AA4C-591CD3FC38BB}
		{25D6A058-643A-49B4-9EF1-35DC16168B5A} = {27D66FA5-7564-41D5-95C1-92DE510BB7FD}
		{D2CAD34B-A6DB-4215-9AA4-A902EA0E58B1} = {27D66FA5-7564-41D5-95C1-92DE510BB7FD}
		{C50F6500-A206-4A61-AD1A-7C9C8D99C548} = {27D66FA5-7564-41D5-95C1-92DE510BB7FD}
		{E97E4326-442E-48D5-973C-C8E2DFE51EB3} = {27D66FA5-7564-41D5-95C1-92DE510BB7FD}
		{5048423B-F624-4451-A32D-AF1578D3F611} = {513E6653-F9D8-47E6-873A-05787BC49385}
		{357E39C9-05AC-4236-BB93-C01BE1FA540E} = {513E6653-F9D8-47E6-873A-05787BC49385}
		{C087D220-FE54-44B1-B97F-2ACD97B3B782} = {661FBB8E-C84C-4B9B-BE74-3D42EF77B9B5}
		{CED0535A-1D11-47B9-AD17-B5ADCEBF2AE8} = {661FBB8E-C84C-4B9B-BE74-3D42EF77B9B5}
		{416930EF-1BF2-454D-AFD1-8F002058A6C9} = {5569BC95-FC39-452F-BE34-5AB0EB2C7A86}
		{46524F1B-4D7D-464D-A9A6-7677A921296F} = {5569BC95-FC39-452F-BE34-5AB0EB2C7A86}
		{9A5E2FD1-FB7F-4474-B26B-66EBF914224F} = {513E6653-F9D8-47E6-873A-05787BC49385}
		{D7CB1D8E-A405-4BD7-9D62-27A3428DD522} = {513E6653-F9D8-47E6-873A-05787BC49385}
		{E0792EA0-CFEA-46C6-8148-30484BDDD18E} = {513E6653-F9D8-47E6-873A-05787BC49385}
		{A2AA9264-268A-4E04-83F7-9F7857EBC924} = {513E6653-F9D8-47E6-873A-05787BC49385}
		{A3CBE644-73B5-4E14-A3D5-CB4E5176031D} = {513E6653-F9D8-47E6-873A-05787BC49385}
		{098AFDEF-5E7C-42F1-A57D-13AF23CF94B8} = {513E6653-F9D8-47E6-873A-05787BC49385}
		{8998E5A2-6E31-4B72-9FF6-26286DF97E3E} = {513E6653-F9D8-47E6-873A-05787BC49385}
		{6E59831D-A2C3-405A-B755-70159315A72B} = {513E6653-F9D8-47E6-873A-05787BC49385}
		{93AA18BF-3082-4D2B-B706-7590199BAB0C} = {513E6653-F9D8-47E6-873A-05787BC49385}
		{F590665E-CC1D-4ABD-8CDF-51CFDF656A81} = {513E6653-F9D8-47E6-873A-05787BC49385}
		{926AC5C8-3A6E-41B0-AC25-ADC3ED2EA4A1} = {661FBB8E-C84C-4B9B-BE74-3D42EF77B9B5}
		{B377C39F-6D8E-4F53-9355-CDE924E7D297} = {661FBB8E-C84C-4B9B-BE74-3D42EF77B9B5}
		{BE5FCC8F-6E8E-414F-941A-FD043A9A9421} = {27D66FA5-7564-41D5-95C1-92DE510BB7FD}
	EndGlobalSection
EndGlobal
