
Microsoft Visual Studio Solution File, Format Version 12.00
# Visual Studio 14
VisualStudioVersion = 14.0.24720.0
MinimumVisualStudioVersion = 10.0.40219.1
Project("{FAE04EC0-301F-11D3-BF4B-00C04F79EFBC}") = "C4rm4x.WebApi.Framework", "C4rm4x.WebApi.Framework\C4rm4x.WebApi.Framework.csproj", "{CA86A5F5-7EBC-46A2-87AA-112128FD894C}"
EndProject
Project("{2150E333-8FDC-42A3-9474-1A3956D46DE8}") = "Caching", "Caching", "{661FBB8E-C84C-4B9B-BE74-3D42EF77B9B5}"
EndProject
Project("{FAE04EC0-301F-11D3-BF4B-00C04F79EFBC}") = "C4rm4x.WebApi.Cache.HttpRuntime", "C4rm4x.WebApi.Cache.HttpRuntime\C4rm4x.WebApi.Cache.HttpRuntime.csproj", "{1E04CBE9-1ACF-4B2D-B38D-3925383C4C7D}"
EndProject
Project("{FAE04EC0-301F-11D3-BF4B-00C04F79EFBC}") = "C4rm4x.WebApi.Cache.HttpRuntime.Test", "C4rm4x.WebApi.Cache.HttpRuntime.Test\C4rm4x.WebApi.Cache.HttpRuntime.Test.csproj", "{C8F51C76-9DE9-41C1-B7E8-155D96EC3FE7}"
EndProject
Project("{FAE04EC0-301F-11D3-BF4B-00C04F79EFBC}") = "C4rm4x.WebApi.Framework.Test", "C4rm4x.WebApi.Framework.Test\C4rm4x.WebApi.Framework.Test.csproj", "{D02C0A2C-BFC6-49B8-9E95-7A793E2520D6}"
EndProject
Project("{2150E333-8FDC-42A3-9474-1A3956D46DE8}") = "Framework", "Framework", "{C94F7C55-8121-46CF-AA4C-591CD3FC38BB}"
EndProject
Project("{2150E333-8FDC-42A3-9474-1A3956D46DE8}") = "Logging", "Logging", "{6C2C3F88-D5E5-4CED-BFB4-8C4D4A45F5C8}"
EndProject
Project("{FAE04EC0-301F-11D3-BF4B-00C04F79EFBC}") = "C4rm4x.WebApi.Log.NLog", "C4rm4x.WebApi.Log.NLog\C4rm4x.WebApi.Log.NLog.csproj", "{DB98D327-4FDE-4B18-B288-CDD05BD30687}"
EndProject
Project("{2150E333-8FDC-42A3-9474-1A3956D46DE8}") = "Messaging", "Messaging", "{EC1479EC-6A9E-4472-93B3-3692373EE33E}"
EndProject
Project("{FAE04EC0-301F-11D3-BF4B-00C04F79EFBC}") = "C4rm4x.WebApi.Messaging.MSMQ", "C4rm4x.WebApi.Messaging.MSMQ\C4rm4x.WebApi.Messaging.MSMQ.csproj", "{9502B676-34A2-4FBD-84A6-3BF97D03ACD7}"
EndProject
Project("{FAE04EC0-301F-11D3-BF4B-00C04F79EFBC}") = "C4rm4x.WebApi.Messaging.MSMQ.Test", "C4rm4x.WebApi.Messaging.MSMQ.Test\C4rm4x.WebApi.Messaging.MSMQ.Test.csproj", "{8891476E-2225-4510-B198-F5373FB9B9BA}"
EndProject
Project("{2150E333-8FDC-42A3-9474-1A3956D46DE8}") = "Settings", "Settings", "{AC0450AB-8D00-4017-B12D-CF1AAD3AEA98}"
EndProject
Project("{FAE04EC0-301F-11D3-BF4B-00C04F79EFBC}") = "C4rm4x.WebApi.Settings.AppSettings", "C4rm4x.WebApi.Settings.AppSettings\C4rm4x.WebApi.Settings.AppSettings.csproj", "{749F9FCB-7537-4248-B805-4FFC4D8E267C}"
EndProject
Project("{FAE04EC0-301F-11D3-BF4B-00C04F79EFBC}") = "C4rm4x.WebApi.Settings.AppSettings.Test", "C4rm4x.WebApi.Settings.AppSettings.Test\C4rm4x.WebApi.Settings.AppSettings.Test.csproj", "{FB6C317C-1F8F-418A-998A-BB38BF646F26}"
EndProject
Project("{2150E333-8FDC-42A3-9474-1A3956D46DE8}") = "Persistance", "Persistance", "{5569BC95-FC39-452F-BE34-5AB0EB2C7A86}"
EndProject
Project("{FAE04EC0-301F-11D3-BF4B-00C04F79EFBC}") = "C4rm4x.WebApi.Persistance.EF", "C4rm4x.WebApi.Persistance.EF\C4rm4x.WebApi.Persistance.EF.csproj", "{66D93E94-D7C4-49A0-B3D4-0F70CF9FD998}"
EndProject
Project("{FAE04EC0-301F-11D3-BF4B-00C04F79EFBC}") = "C4rm4x.WebApi.Persistance.EF.Test", "C4rm4x.WebApi.Persistance.EF.Test\C4rm4x.WebApi.Persistance.EF.Test.csproj", "{664FBDEA-3642-4D74-84BA-B3F392B67047}"
EndProject
Project("{2150E333-8FDC-42A3-9474-1A3956D46DE8}") = "Security", "Security", "{27D66FA5-7564-41D5-95C1-92DE510BB7FD}"
EndProject
Project("{FAE04EC0-301F-11D3-BF4B-00C04F79EFBC}") = "C4rm4x.WebApi.Security", "C4rm4x.WebApi.Security\C4rm4x.WebApi.Security.csproj", "{12253842-BC5A-4FAC-87EE-95EE5A16845A}"
EndProject
Project("{FAE04EC0-301F-11D3-BF4B-00C04F79EFBC}") = "C4rm4x.WebApi.Security.Test", "C4rm4x.WebApi.Security.Test\C4rm4x.WebApi.Security.Test.csproj", "{21627A47-026A-49C2-A610-A157CD3C3AA3}"
EndProject
Project("{2150E333-8FDC-42A3-9474-1A3956D46DE8}") = "ExceptionShielding", "ExceptionShielding", "{290A0DF1-D06A-4C8B-8EC4-570C96ECF117}"
EndProject
Project("{FAE04EC0-301F-11D3-BF4B-00C04F79EFBC}") = "C4rm4x.WebApi.ExceptionShielding", "C4rm4x.WebApi.ExceptionShielding\C4rm4x.WebApi.ExceptionShielding.csproj", "{6815AFB1-4B2E-49A5-9033-E33BD723C49D}"
EndProject
Project("{FAE04EC0-301F-11D3-BF4B-00C04F79EFBC}") = "C4rm4x.WebApi.ExceptionShielding.Test", "C4rm4x.WebApi.ExceptionShielding.Test\C4rm4x.WebApi.ExceptionShielding.Test.csproj", "{DF57F45C-CF4C-4A21-92C9-CCDE8D8A23DD}"
EndProject
Project("{2150E333-8FDC-42A3-9474-1A3956D46DE8}") = "Validation", "Validation", "{2ACD3F9F-D879-47EE-B403-5C812ACCBCBE}"
EndProject
Project("{FAE04EC0-301F-11D3-BF4B-00C04F79EFBC}") = "C4rm4x.WebApi.Validation", "C4rm4x.WebApi.Validation\C4rm4x.WebApi.Validation.csproj", "{47B93BFE-8E50-4D6A-9011-F9136F5F40E7}"
EndProject
Project("{FAE04EC0-301F-11D3-BF4B-00C04F79EFBC}") = "C4rm4x.WebApi.Validation.Test", "C4rm4x.WebApi.Validation.Test\C4rm4x.WebApi.Validation.Test.csproj", "{F59E94D2-6345-4CA3-9A43-C0381E51CE4F}"
EndProject
Project("{FAE04EC0-301F-11D3-BF4B-00C04F79EFBC}") = "C4rm4x.WebApi.ExceptionShielding.Configuration.Extensions", "C4rm4x.WebApi.ExceptionShielding.Configuration.Extensions\C4rm4x.WebApi.ExceptionShielding.Configuration.Extensions.csproj", "{D5BC38CD-1777-4DF2-A000-CC7E0AB5246E}"
EndProject
Project("{FAE04EC0-301F-11D3-BF4B-00C04F79EFBC}") = "C4rm4x.WebApi.ExceptionShielding.Configuration.Extensions.Test", "C4rm4x.WebApi.ExceptionShielding.Configuration.Extensions.Test\C4rm4x.WebApi.ExceptionShielding.Configuration.Extensions.Test.csproj", "{4C31156C-53FF-43C1-8718-E14F9170FB4B}"
EndProject
Project("{FAE04EC0-301F-11D3-BF4B-00C04F79EFBC}") = "C4rm4x.WebApi.Validation.Autofac.Extensions", "C4rm4x.WebApi.Validation.Autofac.Extensions\C4rm4x.WebApi.Validation.Autofac.Extensions.csproj", "{5F912F2B-370C-440E-A351-448F422A9AEF}"
EndProject
Project("{FAE04EC0-301F-11D3-BF4B-00C04F79EFBC}") = "C4rm4x.WebApi.Framework.Autofac.Extensions", "C4rm4x.WebApi.Framework.Autofac.Extensions\C4rm4x.WebApi.Framework.Autofac.Extensions.csproj", "{BD925854-B0CF-483D-9B53-85AC106CB14A}"
EndProject
Project("{FAE04EC0-301F-11D3-BF4B-00C04F79EFBC}") = "C4rm4x.WebApi.Framework.Autofac.Extensions.Test", "C4rm4x.WebApi.Framework.Autofac.Extensions.Test\C4rm4x.WebApi.Framework.Autofac.Extensions.Test.csproj", "{DC9828D1-4747-41B0-B3CA-2B340C690F46}"
EndProject
Project("{FAE04EC0-301F-11D3-BF4B-00C04F79EFBC}") = "C4rm4x.WebApi.Security.Jwt", "C4rm4x.WebApi.Security.Jwt\C4rm4x.WebApi.Security.Jwt.csproj", "{25D6A058-643A-49B4-9EF1-35DC16168B5A}"
EndProject
Project("{FAE04EC0-301F-11D3-BF4B-00C04F79EFBC}") = "C4rm4x.WebApi.Security.Jwt.Test", "C4rm4x.WebApi.Security.Jwt.Test\C4rm4x.WebApi.Security.Jwt.Test.csproj", "{D2CAD34B-A6DB-4215-9AA4-A902EA0E58B1}"
EndProject
Project("{FAE04EC0-301F-11D3-BF4B-00C04F79EFBC}") = "C4rm4x.WebApi.Security.Cors", "C4rm4x.WebApi.Security.Cors\C4rm4x.WebApi.Security.Cors.csproj", "{C50F6500-A206-4A61-AD1A-7C9C8D99C548}"
EndProject
Project("{FAE04EC0-301F-11D3-BF4B-00C04F79EFBC}") = "C4rm4x.WebApi.Security.Cors.Test", "C4rm4x.WebApi.Security.Cors.Test\C4rm4x.WebApi.Security.Cors.Test.csproj", "{E97E4326-442E-48D5-973C-C8E2DFE51EB3}"
EndProject
Global
	GlobalSection(SolutionConfigurationPlatforms) = preSolution
		Debug|Any CPU = Debug|Any CPU
		Release|Any CPU = Release|Any CPU
	EndGlobalSection
	GlobalSection(ProjectConfigurationPlatforms) = postSolution
		{CA86A5F5-7EBC-46A2-87AA-112128FD894C}.Debug|Any CPU.ActiveCfg = Debug|Any CPU
		{CA86A5F5-7EBC-46A2-87AA-112128FD894C}.Debug|Any CPU.Build.0 = Debug|Any CPU
		{CA86A5F5-7EBC-46A2-87AA-112128FD894C}.Release|Any CPU.ActiveCfg = Release|Any CPU
		{CA86A5F5-7EBC-46A2-87AA-112128FD894C}.Release|Any CPU.Build.0 = Release|Any CPU
		{1E04CBE9-1ACF-4B2D-B38D-3925383C4C7D}.Debug|Any CPU.ActiveCfg = Debug|Any CPU
		{1E04CBE9-1ACF-4B2D-B38D-3925383C4C7D}.Debug|Any CPU.Build.0 = Debug|Any CPU
		{1E04CBE9-1ACF-4B2D-B38D-3925383C4C7D}.Release|Any CPU.ActiveCfg = Release|Any CPU
		{1E04CBE9-1ACF-4B2D-B38D-3925383C4C7D}.Release|Any CPU.Build.0 = Release|Any CPU
		{C8F51C76-9DE9-41C1-B7E8-155D96EC3FE7}.Debug|Any CPU.ActiveCfg = Debug|Any CPU
		{C8F51C76-9DE9-41C1-B7E8-155D96EC3FE7}.Debug|Any CPU.Build.0 = Debug|Any CPU
		{C8F51C76-9DE9-41C1-B7E8-155D96EC3FE7}.Release|Any CPU.ActiveCfg = Release|Any CPU
		{C8F51C76-9DE9-41C1-B7E8-155D96EC3FE7}.Release|Any CPU.Build.0 = Release|Any CPU
		{D02C0A2C-BFC6-49B8-9E95-7A793E2520D6}.Debug|Any CPU.ActiveCfg = Debug|Any CPU
		{D02C0A2C-BFC6-49B8-9E95-7A793E2520D6}.Debug|Any CPU.Build.0 = Debug|Any CPU
		{D02C0A2C-BFC6-49B8-9E95-7A793E2520D6}.Release|Any CPU.ActiveCfg = Release|Any CPU
		{D02C0A2C-BFC6-49B8-9E95-7A793E2520D6}.Release|Any CPU.Build.0 = Release|Any CPU
		{DB98D327-4FDE-4B18-B288-CDD05BD30687}.Debug|Any CPU.ActiveCfg = Debug|Any CPU
		{DB98D327-4FDE-4B18-B288-CDD05BD30687}.Debug|Any CPU.Build.0 = Debug|Any CPU
		{DB98D327-4FDE-4B18-B288-CDD05BD30687}.Release|Any CPU.ActiveCfg = Release|Any CPU
		{DB98D327-4FDE-4B18-B288-CDD05BD30687}.Release|Any CPU.Build.0 = Release|Any CPU
		{9502B676-34A2-4FBD-84A6-3BF97D03ACD7}.Debug|Any CPU.ActiveCfg = Debug|Any CPU
		{9502B676-34A2-4FBD-84A6-3BF97D03ACD7}.Debug|Any CPU.Build.0 = Debug|Any CPU
		{9502B676-34A2-4FBD-84A6-3BF97D03ACD7}.Release|Any CPU.ActiveCfg = Release|Any CPU
		{9502B676-34A2-4FBD-84A6-3BF97D03ACD7}.Release|Any CPU.Build.0 = Release|Any CPU
		{8891476E-2225-4510-B198-F5373FB9B9BA}.Debug|Any CPU.ActiveCfg = Debug|Any CPU
		{8891476E-2225-4510-B198-F5373FB9B9BA}.Debug|Any CPU.Build.0 = Debug|Any CPU
		{8891476E-2225-4510-B198-F5373FB9B9BA}.Release|Any CPU.ActiveCfg = Release|Any CPU
		{8891476E-2225-4510-B198-F5373FB9B9BA}.Release|Any CPU.Build.0 = Release|Any CPU
		{749F9FCB-7537-4248-B805-4FFC4D8E267C}.Debug|Any CPU.ActiveCfg = Debug|Any CPU
		{749F9FCB-7537-4248-B805-4FFC4D8E267C}.Debug|Any CPU.Build.0 = Debug|Any CPU
		{749F9FCB-7537-4248-B805-4FFC4D8E267C}.Release|Any CPU.ActiveCfg = Release|Any CPU
		{749F9FCB-7537-4248-B805-4FFC4D8E267C}.Release|Any CPU.Build.0 = Release|Any CPU
		{FB6C317C-1F8F-418A-998A-BB38BF646F26}.Debug|Any CPU.ActiveCfg = Debug|Any CPU
		{FB6C317C-1F8F-418A-998A-BB38BF646F26}.Debug|Any CPU.Build.0 = Debug|Any CPU
		{FB6C317C-1F8F-418A-998A-BB38BF646F26}.Release|Any CPU.ActiveCfg = Release|Any CPU
		{FB6C317C-1F8F-418A-998A-BB38BF646F26}.Release|Any CPU.Build.0 = Release|Any CPU
		{66D93E94-D7C4-49A0-B3D4-0F70CF9FD998}.Debug|Any CPU.ActiveCfg = Debug|Any CPU
		{66D93E94-D7C4-49A0-B3D4-0F70CF9FD998}.Debug|Any CPU.Build.0 = Debug|Any CPU
		{66D93E94-D7C4-49A0-B3D4-0F70CF9FD998}.Release|Any CPU.ActiveCfg = Release|Any CPU
		{66D93E94-D7C4-49A0-B3D4-0F70CF9FD998}.Release|Any CPU.Build.0 = Release|Any CPU
		{664FBDEA-3642-4D74-84BA-B3F392B67047}.Debug|Any CPU.ActiveCfg = Debug|Any CPU
		{664FBDEA-3642-4D74-84BA-B3F392B67047}.Debug|Any CPU.Build.0 = Debug|Any CPU
		{664FBDEA-3642-4D74-84BA-B3F392B67047}.Release|Any CPU.ActiveCfg = Release|Any CPU
		{664FBDEA-3642-4D74-84BA-B3F392B67047}.Release|Any CPU.Build.0 = Release|Any CPU
		{12253842-BC5A-4FAC-87EE-95EE5A16845A}.Debug|Any CPU.ActiveCfg = Debug|Any CPU
		{12253842-BC5A-4FAC-87EE-95EE5A16845A}.Debug|Any CPU.Build.0 = Debug|Any CPU
		{12253842-BC5A-4FAC-87EE-95EE5A16845A}.Release|Any CPU.ActiveCfg = Release|Any CPU
		{12253842-BC5A-4FAC-87EE-95EE5A16845A}.Release|Any CPU.Build.0 = Release|Any CPU
		{21627A47-026A-49C2-A610-A157CD3C3AA3}.Debug|Any CPU.ActiveCfg = Debug|Any CPU
		{21627A47-026A-49C2-A610-A157CD3C3AA3}.Debug|Any CPU.Build.0 = Debug|Any CPU
		{21627A47-026A-49C2-A610-A157CD3C3AA3}.Release|Any CPU.ActiveCfg = Release|Any CPU
		{21627A47-026A-49C2-A610-A157CD3C3AA3}.Release|Any CPU.Build.0 = Release|Any CPU
		{6815AFB1-4B2E-49A5-9033-E33BD723C49D}.Debug|Any CPU.ActiveCfg = Debug|Any CPU
		{6815AFB1-4B2E-49A5-9033-E33BD723C49D}.Debug|Any CPU.Build.0 = Debug|Any CPU
		{6815AFB1-4B2E-49A5-9033-E33BD723C49D}.Release|Any CPU.ActiveCfg = Release|Any CPU
		{6815AFB1-4B2E-49A5-9033-E33BD723C49D}.Release|Any CPU.Build.0 = Release|Any CPU
		{DF57F45C-CF4C-4A21-92C9-CCDE8D8A23DD}.Debug|Any CPU.ActiveCfg = Debug|Any CPU
		{DF57F45C-CF4C-4A21-92C9-CCDE8D8A23DD}.Debug|Any CPU.Build.0 = Debug|Any CPU
		{DF57F45C-CF4C-4A21-92C9-CCDE8D8A23DD}.Release|Any CPU.ActiveCfg = Release|Any CPU
		{DF57F45C-CF4C-4A21-92C9-CCDE8D8A23DD}.Release|Any CPU.Build.0 = Release|Any CPU
		{47B93BFE-8E50-4D6A-9011-F9136F5F40E7}.Debug|Any CPU.ActiveCfg = Debug|Any CPU
		{47B93BFE-8E50-4D6A-9011-F9136F5F40E7}.Debug|Any CPU.Build.0 = Debug|Any CPU
		{47B93BFE-8E50-4D6A-9011-F9136F5F40E7}.Release|Any CPU.ActiveCfg = Release|Any CPU
		{47B93BFE-8E50-4D6A-9011-F9136F5F40E7}.Release|Any CPU.Build.0 = Release|Any CPU
		{F59E94D2-6345-4CA3-9A43-C0381E51CE4F}.Debug|Any CPU.ActiveCfg = Debug|Any CPU
		{F59E94D2-6345-4CA3-9A43-C0381E51CE4F}.Debug|Any CPU.Build.0 = Debug|Any CPU
		{F59E94D2-6345-4CA3-9A43-C0381E51CE4F}.Release|Any CPU.ActiveCfg = Release|Any CPU
		{F59E94D2-6345-4CA3-9A43-C0381E51CE4F}.Release|Any CPU.Build.0 = Release|Any CPU
		{D5BC38CD-1777-4DF2-A000-CC7E0AB5246E}.Debug|Any CPU.ActiveCfg = Debug|Any CPU
		{D5BC38CD-1777-4DF2-A000-CC7E0AB5246E}.Debug|Any CPU.Build.0 = Debug|Any CPU
		{D5BC38CD-1777-4DF2-A000-CC7E0AB5246E}.Release|Any CPU.ActiveCfg = Release|Any CPU
		{D5BC38CD-1777-4DF2-A000-CC7E0AB5246E}.Release|Any CPU.Build.0 = Release|Any CPU
		{4C31156C-53FF-43C1-8718-E14F9170FB4B}.Debug|Any CPU.ActiveCfg = Debug|Any CPU
		{4C31156C-53FF-43C1-8718-E14F9170FB4B}.Debug|Any CPU.Build.0 = Debug|Any CPU
		{4C31156C-53FF-43C1-8718-E14F9170FB4B}.Release|Any CPU.ActiveCfg = Release|Any CPU
		{4C31156C-53FF-43C1-8718-E14F9170FB4B}.Release|Any CPU.Build.0 = Release|Any CPU
		{5F912F2B-370C-440E-A351-448F422A9AEF}.Debug|Any CPU.ActiveCfg = Debug|Any CPU
		{5F912F2B-370C-440E-A351-448F422A9AEF}.Debug|Any CPU.Build.0 = Debug|Any CPU
		{5F912F2B-370C-440E-A351-448F422A9AEF}.Release|Any CPU.ActiveCfg = Release|Any CPU
		{5F912F2B-370C-440E-A351-448F422A9AEF}.Release|Any CPU.Build.0 = Release|Any CPU
		{BD925854-B0CF-483D-9B53-85AC106CB14A}.Debug|Any CPU.ActiveCfg = Debug|Any CPU
		{BD925854-B0CF-483D-9B53-85AC106CB14A}.Debug|Any CPU.Build.0 = Debug|Any CPU
		{BD925854-B0CF-483D-9B53-85AC106CB14A}.Release|Any CPU.ActiveCfg = Release|Any CPU
		{BD925854-B0CF-483D-9B53-85AC106CB14A}.Release|Any CPU.Build.0 = Release|Any CPU
		{DC9828D1-4747-41B0-B3CA-2B340C690F46}.Debug|Any CPU.ActiveCfg = Debug|Any CPU
		{DC9828D1-4747-41B0-B3CA-2B340C690F46}.Debug|Any CPU.Build.0 = Debug|Any CPU
		{DC9828D1-4747-41B0-B3CA-2B340C690F46}.Release|Any CPU.ActiveCfg = Release|Any CPU
		{DC9828D1-4747-41B0-B3CA-2B340C690F46}.Release|Any CPU.Build.0 = Release|Any CPU
		{25D6A058-643A-49B4-9EF1-35DC16168B5A}.Debug|Any CPU.ActiveCfg = Debug|Any CPU
		{25D6A058-643A-49B4-9EF1-35DC16168B5A}.Debug|Any CPU.Build.0 = Debug|Any CPU
		{25D6A058-643A-49B4-9EF1-35DC16168B5A}.Release|Any CPU.ActiveCfg = Release|Any CPU
		{25D6A058-643A-49B4-9EF1-35DC16168B5A}.Release|Any CPU.Build.0 = Release|Any CPU
		{D2CAD34B-A6DB-4215-9AA4-A902EA0E58B1}.Debug|Any CPU.ActiveCfg = Debug|Any CPU
		{D2CAD34B-A6DB-4215-9AA4-A902EA0E58B1}.Debug|Any CPU.Build.0 = Debug|Any CPU
		{D2CAD34B-A6DB-4215-9AA4-A902EA0E58B1}.Release|Any CPU.ActiveCfg = Release|Any CPU
		{D2CAD34B-A6DB-4215-9AA4-A902EA0E58B1}.Release|Any CPU.Build.0 = Release|Any CPU
		{C50F6500-A206-4A61-AD1A-7C9C8D99C548}.Debug|Any CPU.ActiveCfg = Debug|Any CPU
		{C50F6500-A206-4A61-AD1A-7C9C8D99C548}.Debug|Any CPU.Build.0 = Debug|Any CPU
		{C50F6500-A206-4A61-AD1A-7C9C8D99C548}.Release|Any CPU.ActiveCfg = Release|Any CPU
		{C50F6500-A206-4A61-AD1A-7C9C8D99C548}.Release|Any CPU.Build.0 = Release|Any CPU
		{E97E4326-442E-48D5-973C-C8E2DFE51EB3}.Debug|Any CPU.ActiveCfg = Debug|Any CPU
		{E97E4326-442E-48D5-973C-C8E2DFE51EB3}.Debug|Any CPU.Build.0 = Debug|Any CPU
		{E97E4326-442E-48D5-973C-C8E2DFE51EB3}.Release|Any CPU.ActiveCfg = Release|Any CPU
		{E97E4326-442E-48D5-973C-C8E2DFE51EB3}.Release|Any CPU.Build.0 = Release|Any CPU
	EndGlobalSection
	GlobalSection(SolutionProperties) = preSolution
		HideSolutionNode = FALSE
	EndGlobalSection
	GlobalSection(NestedProjects) = preSolution
		{CA86A5F5-7EBC-46A2-87AA-112128FD894C} = {C94F7C55-8121-46CF-AA4C-591CD3FC38BB}
		{1E04CBE9-1ACF-4B2D-B38D-3925383C4C7D} = {661FBB8E-C84C-4B9B-BE74-3D42EF77B9B5}
		{C8F51C76-9DE9-41C1-B7E8-155D96EC3FE7} = {661FBB8E-C84C-4B9B-BE74-3D42EF77B9B5}
		{D02C0A2C-BFC6-49B8-9E95-7A793E2520D6} = {C94F7C55-8121-46CF-AA4C-591CD3FC38BB}
		{DB98D327-4FDE-4B18-B288-CDD05BD30687} = {6C2C3F88-D5E5-4CED-BFB4-8C4D4A45F5C8}
		{9502B676-34A2-4FBD-84A6-3BF97D03ACD7} = {EC1479EC-6A9E-4472-93B3-3692373EE33E}
		{8891476E-2225-4510-B198-F5373FB9B9BA} = {EC1479EC-6A9E-4472-93B3-3692373EE33E}
		{749F9FCB-7537-4248-B805-4FFC4D8E267C} = {AC0450AB-8D00-4017-B12D-CF1AAD3AEA98}
		{FB6C317C-1F8F-418A-998A-BB38BF646F26} = {AC0450AB-8D00-4017-B12D-CF1AAD3AEA98}
		{66D93E94-D7C4-49A0-B3D4-0F70CF9FD998} = {5569BC95-FC39-452F-BE34-5AB0EB2C7A86}
		{664FBDEA-3642-4D74-84BA-B3F392B67047} = {5569BC95-FC39-452F-BE34-5AB0EB2C7A86}
		{12253842-BC5A-4FAC-87EE-95EE5A16845A} = {27D66FA5-7564-41D5-95C1-92DE510BB7FD}
		{21627A47-026A-49C2-A610-A157CD3C3AA3} = {27D66FA5-7564-41D5-95C1-92DE510BB7FD}
		{6815AFB1-4B2E-49A5-9033-E33BD723C49D} = {290A0DF1-D06A-4C8B-8EC4-570C96ECF117}
		{DF57F45C-CF4C-4A21-92C9-CCDE8D8A23DD} = {290A0DF1-D06A-4C8B-8EC4-570C96ECF117}
		{47B93BFE-8E50-4D6A-9011-F9136F5F40E7} = {2ACD3F9F-D879-47EE-B403-5C812ACCBCBE}
		{F59E94D2-6345-4CA3-9A43-C0381E51CE4F} = {2ACD3F9F-D879-47EE-B403-5C812ACCBCBE}
		{D5BC38CD-1777-4DF2-A000-CC7E0AB5246E} = {290A0DF1-D06A-4C8B-8EC4-570C96ECF117}
		{4C31156C-53FF-43C1-8718-E14F9170FB4B} = {290A0DF1-D06A-4C8B-8EC4-570C96ECF117}
		{5F912F2B-370C-440E-A351-448F422A9AEF} = {2ACD3F9F-D879-47EE-B403-5C812ACCBCBE}
		{BD925854-B0CF-483D-9B53-85AC106CB14A} = {C94F7C55-8121-46CF-AA4C-591CD3FC38BB}
		{DC9828D1-4747-41B0-B3CA-2B340C690F46} = {C94F7C55-8121-46CF-AA4C-591CD3FC38BB}
		{25D6A058-643A-49B4-9EF1-35DC16168B5A} = {27D66FA5-7564-41D5-95C1-92DE510BB7FD}
		{D2CAD34B-A6DB-4215-9AA4-A902EA0E58B1} = {27D66FA5-7564-41D5-95C1-92DE510BB7FD}
		{C50F6500-A206-4A61-AD1A-7C9C8D99C548} = {27D66FA5-7564-41D5-95C1-92DE510BB7FD}
		{E97E4326-442E-48D5-973C-C8E2DFE51EB3} = {27D66FA5-7564-41D5-95C1-92DE510BB7FD}
	EndGlobalSection
EndGlobal
